# This file is autogenerated, do not edit; changes may be undone by the next 'dep ensure'.


[[projects]]
  branch = "master"
  digest = "1:1ff457fffd89958b9f5b1235d00b7d3993269c0860ff253d03e815eec65ff6aa"
  name = "github.com/dmichael/go-multicast"
  packages = ["multicast"]
  pruneopts = "UT"
  revision = "097bfd85720a48ac49f28832dc3cb92fdaff368f"

[[projects]]
  branch = "master"
  digest = "1:f00d492c11ce8cf14ce54c59c7dfeaeb2648e3fb93eb5fd5b53f7d405fcf4697"
  name = "github.com/getlantern/appdir"
  packages = ["."]
  pruneopts = "UT"
  revision = "7c0f9d241ea78ff68bf3aecfe2ea2009ff8500cf"

[[projects]]
  branch = "master"
  digest = "1:e189a74ad21c3d1e10630172d9468f3f641414725a50326045ca360d71e753a6"
  name = "github.com/getlantern/context"
  packages = ["."]
  pruneopts = "UT"
  revision = "c447772a6520c1a3ae6294a7df725ee08230f14e"

[[projects]]
  branch = "master"
  digest = "1:754e0e024892bc771720c72116ff521fe02bfddcca91c69cc2ff08a25aeb62f3"
  name = "github.com/getlantern/errors"
  packages = ["."]
  pruneopts = "UT"
  revision = "abdb3e3e36f7e64b4bfbe96e860db91e7534aa6e"

[[projects]]
  branch = "master"
  digest = "1:4f9176612ca654e349a233037f882a4784c28533fb97c1d4e5486bc1822976bd"
  name = "github.com/getlantern/golog"
  packages = ["."]
  pruneopts = "UT"
  revision = "4ef2e798c2d7ec7d3e0c45369b33eaa05fc8221b"

[[projects]]
  branch = "master"
  digest = "1:ef7d3553cc70a0406baf828fe62f741777135d1248e7cd96a26f743aa11e6565"
  name = "github.com/getlantern/hex"
  packages = ["."]
  pruneopts = "UT"
  revision = "c6586a6fe0b7c95eef767657ab1031cbcfc7af66"

[[projects]]
  branch = "master"
  digest = "1:f65fd0ed3e1794ab0a5cf824c0e498b954e0a5311ce486d8f177cc65d4a60356"
  name = "github.com/getlantern/hidden"
  packages = ["."]
  pruneopts = "UT"
  revision = "f02dbb02be5552811eec1040d7906424c52ae539"

[[projects]]
  branch = "master"
  digest = "1:70813afd33deda3a44c04e9ab4a8d5f2f24673e841f0237d40c880a2df47054d"
  name = "github.com/getlantern/ops"
  packages = ["."]
  pruneopts = "UT"
  revision = "8476b16edcd6719b2399ae70bca5cff3a1547a44"

[[projects]]
  branch = "master"
  digest = "1:22cdbd844aa47b813dc07536e48fb3751d4d3f45e5163652a8484f722d8479cb"
  name = "github.com/getlantern/systray"
  packages = ["."]
  pruneopts = "UT"
  revision = "d3ab4fd25d9930fa53fcf79ab3c49e32aa6fd7da"

[[projects]]
  digest = "1:62c97b543fa5601126be5987633aede547324d265d8a66e05d667d900abebba2"
  name = "github.com/getlantern/uuid"
  packages = ["."]
  pruneopts = "UT"
  revision = "5c9436b8c718822fdf6644ed2a10f71ff7261c8e"
  version = "v1.2.0"

[[projects]]
  digest = "1:586ea76dbd0374d6fb649a91d70d652b7fe0ccffb8910a77468e7702e7901f3d"
  name = "github.com/go-stack/stack"
  packages = ["."]
  pruneopts = "UT"
  revision = "2fee6af1a9795aafbe0253a0cfbdf668e1fb8a9a"
  version = "v1.8.0"

[[projects]]
  branch = "master"
  digest = "1:7920f50e1a241ecb33ab04cc30342bd3e9cb434632b2b9c197d2fe8de70a7bae"
  name = "github.com/gongt/remote-shell"
  packages = [
    "internal/actions",
    "internal/actions/action-base",
    "internal/actions/handlers",
    "internal/broadcaster",
    "internal/constants",
    "internal/icon",
    "internal/receiver",
    "internal/timeout-controller",
  ]
  pruneopts = "UT"
  revision = "88cd24ce3ba208161952e7e5ecd600bdfed6eb96"

[[projects]]
  branch = "master"
  digest = "1:c268c9cb29af6c339397145f92283a5fe8657cc05e74a0c79a1b7d46ddcda9e4"
  name = "github.com/lxn/walk"
  packages = ["."]
  pruneopts = "UT"
  revision = "55ccb3a9f5c1dae7b1c94f70ea4f9db6afcb5021"

[[projects]]
  branch = "master"
  digest = "1:b6489f4fcbfa760e30380d192e70e846df0115330d4e60929bb331a408833dba"
  name = "github.com/lxn/win"
  packages = ["."]
  pruneopts = "UT"
  revision = "2da648fda5b433b3d074415cf2c1b05038194fa0"

[[projects]]
  digest = "1:5d231480e1c64a726869bc4142d270184c419749d34f167646baa21008eb0a79"
  name = "github.com/mitchellh/go-homedir"
  packages = ["."]
  pruneopts = "UT"
  revision = "af06845cf3004701891bf4fdb884bfe4920b3727"
  version = "v1.1.0"

[[projects]]
  branch = "master"
  digest = "1:8ad686b49b509bf03549281c04b5fe11f609e9b12bf34a0690acad8cecc94f15"
  name = "github.com/oxtoacart/bpool"
  packages = ["."]
  pruneopts = "UT"
  revision = "03653db5a59cd88b481403d312d7c324b56af377"

[[projects]]
  branch = "master"
  digest = "1:181b0f31060ef04339c16e7bba946726dc4801a547f06edbd26d2b72a09df98c"
  name = "golang.org/x/sys"
  packages = ["windows"]
  pruneopts = "UT"
  revision = "bc7a7d42d5c30f4d0fe808715c002826ce2c624e"

[[projects]]
  digest = "1:5d3e23515e7916c152cc665eda0f7eaf6fdf8fdfe7c3dbac97049bcbd649b33f"
  name = "gopkg.in/Knetic/govaluate.v3"
  packages = ["."]
  pruneopts = "UT"
  revision = "d216395917cc49052c7c7094cf57f09657ca08a8"
  version = "v3.0.0"

[solve-meta]
  analyzer-name = "dep"
  analyzer-version = 1
  input-imports = [
    "github.com/dmichael/go-multicast/multicast",
    "github.com/getlantern/systray",
    "github.com/gongt/remote-shell/internal/actions",
    "github.com/gongt/remote-shell/internal/actions/action-base",
    "github.com/gongt/remote-shell/internal/actions/handlers",
    "github.com/gongt/remote-shell/internal/broadcaster",
    "github.com/gongt/remote-shell/internal/constants",
    "github.com/gongt/remote-shell/internal/icon",
    "github.com/gongt/remote-shell/internal/receiver",
    "github.com/gongt/remote-shell/internal/timeout-controller",
  ]
  solver-name = "gps-cdcl"
  solver-version = 1
